{
    "name": "l-welcome",
    "version": "0.0.2",
    "lockfileVersion": 3,
    "requires": true,
    "packages": {
        "": {
            "name": "l-welcome",
            "version": "0.0.2",
            "dependencies": {
                "@climblee/uv-ui": "^1.1.20",
                "@vant/weapp": "^1.11.6"
            },
            "engines": {
                "HBuilderX": "^3.0.7"
            }
        },
        "node_modules/@climblee/uv-ui": {
            "version": "1.1.20",
            "resolved": "https://registry.npmmirror.com/@climblee/uv-ui/-/uv-ui-1.1.20.tgz",
            "integrity": "sha512-jkyesHJsPJkF4Nap9ZmG1/ibKlxXA5M8+ntqKXwwloIsYSYL5SOKb0gyPj17aBOU1PkJpmeiZ8PwnTolhK2/HA==",
            "license": "ISC"
        },
        "node_modules/@vant/weapp": {
            "version": "1.11.6",
            "resolved": "https://registry.npmmirror.com/@vant/weapp/-/weapp-1.11.6.tgz",
            "integrity": "sha512-a3heReWYT2gNdsyj6x1hBwsM8V8NrjcPAmle86NH2CD2V/i/h0le75piW6KntSfOPCwekVWMBKhysNrBpJeKdw==",
            "license": "MIT"
        }
    }
}
